// !$*UTF8*$!
{
	archiveVersion = 1;
	classes = {
	};
	objectVersion = 77;
	objects = {

/* Begin PBXContainerItemProxy section */
		D4AE098B2D4BFC4500A813D5 /* PBXContainerItemProxy */ = {
			isa = PBXContainerItemProxy;
			containerPortal = D4AE096E2D4BFC4200A813D5 /* Project object */;
			proxyType = 1;
			remoteGlobalIDString = D4AE09752D4BFC4200A813D5;
			remoteInfo = "My Closet";
		};
		D4AE09952D4BFC4500A813D5 /* PBXContainerItemProxy */ = {
			isa = PBXContainerItemProxy;
			containerPortal = D4AE096E2D4BFC4200A813D5 /* Project object */;
			proxyType = 1;
			remoteGlobalIDString = D4AE09752D4BFC4200A813D5;
			remoteInfo = "My Closet";
		};
/* End PBXContainerItemProxy section */

/* Begin PBXFileReference section */
		D4B962972DB58B2400357F22 /* My Closet.app */ = {isa = PBXFileReference; explicitFileType = wrapper.application; includeInIndex = 0; path = "My Closet.app"; sourceTree = BUILT_PRODUCTS_DIR; };
		D4B962982DB58B2400357F22 /* My ClosetTests.xctest */ = {isa = PBXFileReference; explicitFileType = wrapper.cfbundle; includeInIndex = 0; path = "My ClosetTests.xctest"; sourceTree = BUILT_PRODUCTS_DIR; };
		D4B962992DB58B2400357F22 /* My ClosetUITests.xctest */ = {isa = PBXFileReference; explicitFileType = wrapper.cfbundle; includeInIndex = 0; path = "My ClosetUITests.xctest"; sourceTree = BUILT_PRODUCTS_DIR; };
/* End PBXFileReference section */

/* Begin PBXFileSystemSynchronizedBuildFileExceptionSet section */
		D4AE099C2D4BFC4600A813D5 /* Exceptions for "My Closet" folder in "My Closet" target */ = {
			isa = PBXFileSystemSynchronizedBuildFileExceptionSet;
			membershipExceptions = (
				Info.plist,
			);
			target = D4AE09752D4BFC4200A813D5 /* My Closet */;
		};
/* End PBXFileSystemSynchronizedBuildFileExceptionSet section */

/* Begin PBXFileSystemSynchronizedRootGroup section */
		D4AE09782D4BFC4200A813D5 /* My Closet */ = {
			isa = PBXFileSystemSynchronizedRootGroup;
			exceptions = (
				D4AE099C2D4BFC4600A813D5 /* Exceptions for "My Closet" folder in "My Closet" target */,
			);
			path = "My Closet";
			sourceTree = "<group>";
		};
		D4AE098D2D4BFC4500A813D5 /* My ClosetTests */ = {
			isa = PBXFileSystemSynchronizedRootGroup;
			path = "My ClosetTests";
			sourceTree = "<group>";
		};
		D4AE09972D4BFC4500A813D5 /* My ClosetUITests */ = {
			isa = PBXFileSystemSynchronizedRootGroup;
			path = "My ClosetUITests";
			sourceTree = "<group>";
		};
/* End PBXFileSystemSynchronizedRootGroup section */

/* Begin PBXFrameworksBuildPhase section */
		D4AE09732D4BFC4200A813D5 /* Frameworks */ = {
			isa = PBXFrameworksBuildPhase;
			buildActionMask = 2147483647;
			files = (
			);
			runOnlyForDeploymentPostprocessing = 0;
		};
		D4AE09872D4BFC4500A813D5 /* Frameworks */ = {
			isa = PBXFrameworksBuildPhase;
			buildActionMask = 2147483647;
			files = (
			);
			runOnlyForDeploymentPostprocessing = 0;
		};
		D4AE09912D4BFC4500A813D5 /* Frameworks */ = {
			isa = PBXFrameworksBuildPhase;
			buildActionMask = 2147483647;
			files = (
			);
			runOnlyForDeploymentPostprocessing = 0;
		};
/* End PBXFrameworksBuildPhase section */

/* Begin PBXGroup section */
		D4AE096D2D4BFC4200A813D5 = {
			isa = PBXGroup;
			children = (
				D4AE09782D4BFC4200A813D5 /* My Closet */,
				D4AE098D2D4BFC4500A813D5 /* My ClosetTests */,
				D4AE09972D4BFC4500A813D5 /* My ClosetUITests */,
				D4B962972DB58B2400357F22 /* My Closet.app */,
				D4B962982DB58B2400357F22 /* My ClosetTests.xctest */,
				D4B962992DB58B2400357F22 /* My ClosetUITests.xctest */,
			);
			sourceTree = "<group>";
		};
/* End PBXGroup section */

/* Begin PBXNativeTarget section */
		D4AE09752D4BFC4200A813D5 /* My Closet */ = {
			isa = PBXNativeTarget;
			buildConfigurationList = D4AE099D2D4BFC4600A813D5 /* Build configuration list for PBXNativeTarget "My Closet" */;
			buildPhases = (
				D4AE09722D4BFC4200A813D5 /* Sources */,
				D4AE09732D4BFC4200A813D5 /* Frameworks */,
				D4AE09742D4BFC4200A813D5 /* Resources */,
			);
			buildRules = (
			);
			dependencies = (
			);
			fileSystemSynchronizedGroups = (
				D4AE09782D4BFC4200A813D5 /* My Closet */,
			);
			name = "My Closet";
			productName = "My Closet";
			productReference = D4B962972DB58B2400357F22 /* My Closet.app */;
			productType = "com.apple.product-type.application";
		};
		D4AE09892D4BFC4500A813D5 /* My ClosetTests */ = {
			isa = PBXNativeTarget;
			buildConfigurationList = D4AE09A22D4BFC4600A813D5 /* Build configuration list for PBXNativeTarget "My ClosetTests" */;
			buildPhases = (
				D4AE09862D4BFC4500A813D5 /* Sources */,
				D4AE09872D4BFC4500A813D5 /* Frameworks */,
				D4AE09882D4BFC4500A813D5 /* Resources */,
			);
			buildRules = (
			);
			dependencies = (
				D4AE098C2D4BFC4500A813D5 /* PBXTargetDependency */,
			);
			fileSystemSynchronizedGroups = (
				D4AE098D2D4BFC4500A813D5 /* My ClosetTests */,
			);
			name = "My ClosetTests";
			productName = "My ClosetTests";
			productReference = D4B962982DB58B2400357F22 /* My ClosetTests.xctest */;
			productType = "com.apple.product-type.bundle.unit-test";
		};
		D4AE09932D4BFC4500A813D5 /* My ClosetUITests */ = {
			isa = PBXNativeTarget;
			buildConfigurationList = D4AE09A52D4BFC4600A813D5 /* Build configuration list for PBXNativeTarget "My ClosetUITests" */;
			buildPhases = (
				D4AE09902D4BFC4500A813D5 /* Sources */,
				D4AE09912D4BFC4500A813D5 /* Frameworks */,
				D4AE09922D4BFC4500A813D5 /* Resources */,
			);
			buildRules = (
			);
			dependencies = (
				D4AE09962D4BFC4500A813D5 /* PBXTargetDependency */,
			);
			fileSystemSynchronizedGroups = (
				D4AE09972D4BFC4500A813D5 /* My ClosetUITests */,
			);
			name = "My ClosetUITests";
			productName = "My ClosetUITests";
			productReference = D4B962992DB58B2400357F22 /* My ClosetUITests.xctest */;
			productType = "com.apple.product-type.bundle.ui-testing";
		};
/* End PBXNativeTarget section */

/* Begin PBXProject section */
		D4AE096E2D4BFC4200A813D5 /* Project object */ = {
			isa = PBXProject;
			attributes = {
				BuildIndependentTargetsInParallel = 1;
				LastSwiftUpdateCheck = 1620;
				LastUpgradeCheck = 1620;
				TargetAttributes = {
					D4AE09752D4BFC4200A813D5 = {
						CreatedOnToolsVersion = 16.2;
					};
					D4AE09892D4BFC4500A813D5 = {
						CreatedOnToolsVersion = 16.2;
						TestTargetID = D4AE09752D4BFC4200A813D5;
					};
					D4AE09932D4BFC4500A813D5 = {
						CreatedOnToolsVersion = 16.2;
						TestTargetID = D4AE09752D4BFC4200A813D5;
					};
				};
			};
			buildConfigurationList = D4AE09712D4BFC4200A813D5 /* Build configuration list for PBXProject "My Closet" */;
			developmentRegion = en;
			hasScannedForEncodings = 0;
			knownRegions = (
				en,
				Base,
			);
			mainGroup = D4AE096D2D4BFC4200A813D5;
			minimizedProjectReferenceProxies = 1;
			preferredProjectObjectVersion = 77;
			productRefGroup = D4AE096D2D4BFC4200A813D5;
			projectDirPath = "";
			projectRoot = "";
			targets = (
				D4AE09752D4BFC4200A813D5 /* My Closet */,
				D4AE09892D4BFC4500A813D5 /* My ClosetTests */,
				D4AE09932D4BFC4500A813D5 /* My ClosetUITests */,
			);
		};
/* End PBXProject section */

/* Begin PBXResourcesBuildPhase section */
		D4AE09742D4BFC4200A813D5 /* Resources */ = {
			isa = PBXResourcesBuildPhase;
			buildActionMask = 2147483647;
			files = (
			);
			runOnlyForDeploymentPostprocessing = 0;
		};
		D4AE09882D4BFC4500A813D5 /* Resources */ = {
			isa = PBXResourcesBuildPhase;
			buildActionMask = 2147483647;
			files = (
			);
			runOnlyForDeploymentPostprocessing = 0;
		};
		D4AE09922D4BFC4500A813D5 /* Resources */ = {
			isa = PBXResourcesBuildPhase;
			buildActionMask = 2147483647;
			files = (
			);
			runOnlyForDeploymentPostprocessing = 0;
		};
/* End PBXResourcesBuildPhase section */

/* Begin PBXSourcesBuildPhase section */
		D4AE09722D4BFC4200A813D5 /* Sources */ = {
			isa = PBXSourcesBuildPhase;
			buildActionMask = 2147483647;
			files = (
			);
			runOnlyForDeploymentPostprocessing = 0;
		};
		D4AE09862D4BFC4500A813D5 /* Sources */ = {
			isa = PBXSourcesBuildPhase;
			buildActionMask = 2147483647;
			files = (
			);
			runOnlyForDeploymentPostprocessing = 0;
		};
		D4AE09902D4BFC4500A813D5 /* Sources */ = {
			isa = PBXSourcesBuildPhase;
			buildActionMask = 2147483647;
			files = (
			);
			runOnlyForDeploymentPostprocessing = 0;
		};
/* End PBXSourcesBuildPhase section */

/* Begin PBXTargetDependency section */
		D4AE098C2D4BFC4500A813D5 /* PBXTargetDependency */ = {
			isa = PBXTargetDependency;
			target = D4AE09752D4BFC4200A813D5 /* My Closet */;
			targetProxy = D4AE098B2D4BFC4500A813D5 /* PBXContainerItemProxy */;
		};
		D4AE09962D4BFC4500A813D5 /* PBXTargetDependency */ = {
			isa = PBXTargetDependency;
			target = D4AE09752D4BFC4200A813D5 /* My Closet */;
			targetProxy = D4AE09952D4BFC4500A813D5 /* PBXContainerItemProxy */;
		};
/* End PBXTargetDependency section */

/* Begin XCBuildConfiguration section */
		D4AE099E2D4BFC4600A813D5 /* Debug */ = {
			isa = XCBuildConfiguration;
			buildSettings = {
				ASSETCATALOG_COMPILER_APPICON_NAME = AppIcon;
				ASSETCATALOG_COMPILER_GLOBAL_ACCENT_COLOR_NAME = AccentColor;
				CODE_SIGN_ENTITLEMENTS = "My Closet/My_Closet.entitlements";
				CODE_SIGN_STYLE = Automatic;
				CURRENT_PROJECT_VERSION = 1;
				DEVELOPMENT_ASSET_PATHS = "\"My Closet/Preview Content\"";
				DEVELOPMENT_TEAM = NVCDK76NVZ;
				ENABLE_PREVIEWS = YES;
				GENERATE_INFOPLIST_FILE = YES;
				INFOPLIST_FILE = "My Closet/Info.plist";
				INFOPLIST_KEY_UIApplicationSceneManifest_Generation = YES;
				INFOPLIST_KEY_UIApplicationSupportsIndirectInputEvents = YES;
				INFOPLIST_KEY_UILaunchScreen_Generation = YES;
				INFOPLIST_KEY_UISupportedInterfaceOrientations_iPad = "UIInterfaceOrientationPortrait UIInterfaceOrientationPortraitUpsideDown UIInterfaceOrientationLandscapeLeft UIInterfaceOrientationLandscapeRight";
				INFOPLIST_KEY_UISupportedInterfaceOrientations_iPhone = "UIInterfaceOrientationPortrait UIInterfaceOrientationLandscapeLeft UIInterfaceOrientationLandscapeRight";
				LD_RUNPATH_SEARCH_PATHS = (
					"$(inherited)",
					"@executable_path/Frameworks",
				);
				MARKETING_VERSION = 1.0;
				PRODUCT_BUNDLE_IDENTIFIER = "CPSC490.My-Closet";
				PRODUCT_NAME = "$(TARGET_NAME)";
				SWIFT_EMIT_LOC_STRINGS = YES;
				SWIFT_VERSION = 5.0;
				TARGETED_DEVICE_FAMILY = "1,2";
			};
			name = Debug;
		};
		D4AE099F2D4BFC4600A813D5 /* Release */ = {
			isa = XCBuildConfiguration;
			buildSettings = {
				ASSETCATALOG_COMPILER_APPICON_NAME = AppIcon;
				ASSETCATALOG_COMPILER_GLOBAL_ACCENT_COLOR_NAME = AccentColor;
				CODE_SIGN_ENTITLEMENTS = "My Closet/My_Closet.entitlements";
				CODE_SIGN_STYLE = Automatic;
				CURRENT_PROJECT_VERSION = 1;
				DEVELOPMENT_ASSET_PATHS = "\"My Closet/Preview Content\"";
				DEVELOPMENT_TEAM = NVCDK76NVZ;
				ENABLE_PREVIEWS = YES;
				GENERATE_INFOPLIST_FILE = YES;
				INFOPLIST_FILE = "My Closet/Info.plist";
				INFOPLIST_KEY_UIApplicationSceneManifest_Generation = YES;
				INFOPLIST_KEY_UIApplicationSupportsIndirectInputEvents = YES;
				INFOPLIST_KEY_UILaunchScreen_Generation = YES;
				INFOPLIST_KEY_UISupportedInterfaceOrientations_iPad = "UIInterfaceOrientationPortrait UIInterfaceOrientationPortraitUpsideDown UIInterfaceOrientationLandscapeLeft UIInterfaceOrientationLandscapeRight";
				INFOPLIST_KEY_UISupportedInterfaceOrientations_iPhone = "UIInterfaceOrientationPortrait UIInterfaceOrientationLandscapeLeft UIInterfaceOrientationLandscapeRight";
				LD_RUNPATH_SEARCH_PATHS = (
					"$(inherited)",
					"@executable_path/Frameworks",
				);
				MARKETING_VERSION = 1.0;
				PRODUCT_BUNDLE_IDENTIFIER = "CPSC490.My-Closet";
				PRODUCT_NAME = "$(TARGET_NAME)";
				SWIFT_EMIT_LOC_STRINGS = YES;
				SWIFT_VERSION = 5.0;
				TARGETED_DEVICE_FAMILY = "1,2";
			};
			name = Release;
		};
		D4AE09A02D4BFC4600A813D5 /* Debug */ = {
			isa = XCBuildConfiguration;
			buildSettings = {
				ALWAYS_SEARCH_USER_PATHS = NO;
				ASSETCATALOG_COMPILER_GENERATE_SWIFT_ASSET_SYMBOL_EXTENSIONS = YES;
				CLANG_ANALYZER_NONNULL = YES;
				CLANG_ANALYZER_NUMBER_OBJECT_CONVERSION = YES_AGGRESSIVE;
				CLANG_CXX_LANGUAGE_STANDARD = "gnu++20";
				CLANG_ENABLE_MODULES = YES;
				CLANG_ENABLE_OBJC_ARC = YES;
				CLANG_ENABLE_OBJC_WEAK = YES;
				CLANG_WARN_BLOCK_CAPTURE_AUTORELEASING = YES;
				CLANG_WARN_BOOL_CONVERSION = YES;
				CLANG_WARN_COMMA = YES;
				CLANG_WARN_CONSTANT_CONVERSION = YES;
				CLANG_WARN_DEPRECATED_OBJC_IMPLEMENTATIONS = YES;
				CLANG_WARN_DIRECT_OBJC_ISA_USAGE = YES_ERROR;
				CLANG_WARN_DOCUMENTATION_COMMENTS = YES;
				CLANG_WARN_EMPTY_BODY = YES;
				CLANG_WARN_ENUM_CONVERSION = YES;
				CLANG_WARN_INFINITE_RECURSION = YES;
				CLANG_WARN_INT_CONVERSION = YES;
				CLANG_WARN_NON_LITERAL_NULL_CONVERSION = YES;
				CLANG_WARN_OBJC_IMPLICIT_RETAIN_SELF = YES;
				CLANG_WARN_OBJC_LITERAL_CONVERSION = YES;
				CLANG_WARN_OBJC_ROOT_CLASS = YES_ERROR;
				CLANG_WARN_QUOTED_INCLUDE_IN_FRAMEWORK_HEADER = YES;
				CLANG_WARN_RANGE_LOOP_ANALYSIS = YES;
				CLANG_WARN_STRICT_PROTOTYPES = YES;
				CLANG_WARN_SUSPICIOUS_MOVE = YES;
				CLANG_WARN_UNGUARDED_AVAILABILITY = YES_AGGRESSIVE;
				CLANG_WARN_UNREACHABLE_CODE = YES;
				CLANG_WARN__DUPLICATE_METHOD_MATCH = YES;
				COPY_PHASE_STRIP = NO;
				DEBUG_INFORMATION_FORMAT = dwarf;
				ENABLE_STRICT_OBJC_MSGSEND = YES;
				ENABLE_TESTABILITY = YES;
				ENABLE_USER_SCRIPT_SANDBOXING = YES;
				"FRAMEWORK_SEARCH_PATHS[arch=*]" = "$(inherited)";
				GCC_C_LANGUAGE_STANDARD = gnu17;
				GCC_DYNAMIC_NO_PIC = NO;
				GCC_NO_COMMON_BLOCKS = YES;
				GCC_OPTIMIZATION_LEVEL = 0;
				GCC_PREPROCESSOR_DEFINITIONS = (
					"DEBUG=1",
					"$(inherited)",
				);
				GCC_WARN_64_TO_32_BIT_CONVERSION = YES;
				GCC_WARN_ABOUT_RETURN_TYPE = YES_ERROR;
				GCC_WARN_UNDECLARED_SELECTOR = YES;
				GCC_WARN_UNINITIALIZED_AUTOS = YES_AGGRESSIVE;
				GCC_WARN_UNUSED_FUNCTION = YES;
				GCC_WARN_UNUSED_VARIABLE = YES;
				IPHONEOS_DEPLOYMENT_TARGET = 18.2;
				LOCALIZATION_PREFERS_STRING_CATALOGS = YES;
				MTL_ENABLE_DEBUG_INFO = INCLUDE_SOURCE;
				MTL_FAST_MATH = YES;
				ONLY_ACTIVE_ARCH = YES;
				"OTHER_LDFLAGS[arch=*]" = (
					"-ObjC\n\n-ObjC\n-ObjC\n-ObjC\n",
				);
				SDKROOT = iphoneos;
				SWIFT_ACTIVE_COMPILATION_CONDITIONS = "DEBUG $(inherited)";
				SWIFT_OPTIMIZATION_LEVEL = "-Onone";
				"SYSTEM_FRAMEWORK_SEARCH_PATHS[arch=*]" = "$(inherited)";
			};
			name = Debug;
		};
		D4AE09A12D4BFC4600A813D5 /* Release */ = {
			isa = XCBuildConfiguration;
			buildSettings = {
				ALWAYS_SEARCH_USER_PATHS = NO;
				ASSETCATALOG_COMPILER_GENERATE_SWIFT_ASSET_SYMBOL_EXTENSIONS = YES;
				CLANG_ANALYZER_NONNULL = YES;
				CLANG_ANALYZER_NUMBER_OBJECT_CONVERSION = YES_AGGRESSIVE;
				CLANG_CXX_LANGUAGE_STANDARD = "gnu++20";
				CLANG_ENABLE_MODULES = YES;
				CLANG_ENABLE_OBJC_ARC = YES;
				CLANG_ENABLE_OBJC_WEAK = YES;
				CLANG_WARN_BLOCK_CAPTURE_AUTORELEASING = YES;
				CLANG_WARN_BOOL_CONVERSION = YES;
				CLANG_WARN_COMMA = YES;
				CLANG_WARN_CONSTANT_CONVERSION = YES;
				CLANG_WARN_DEPRECATED_OBJC_IMPLEMENTATIONS = YES;
				CLANG_WARN_DIRECT_OBJC_ISA_USAGE = YES_ERROR;
				CLANG_WARN_DOCUMENTATION_COMMENTS = YES;
				CLANG_WARN_EMPTY_BODY = YES;
				CLANG_WARN_ENUM_CONVERSION = YES;
				CLANG_WARN_INFINITE_RECURSION = YES;
				CLANG_WARN_INT_CONVERSION = YES;
				CLANG_WARN_NON_LITERAL_NULL_CONVERSION = YES;
				CLANG_WARN_OBJC_IMPLICIT_RETAIN_SELF = YES;
				CLANG_WARN_OBJC_LITERAL_CONVERSION = YES;
				CLANG_WARN_OBJC_ROOT_CLASS = YES_ERROR;
				CLANG_WARN_QUOTED_INCLUDE_IN_FRAMEWORK_HEADER = YES;
				CLANG_WARN_RANGE_LOOP_ANALYSIS = YES;
				CLANG_WARN_STRICT_PROTOTYPES = YES;
				CLANG_WARN_SUSPICIOUS_MOVE = YES;
				CLANG_WARN_UNGUARDED_AVAILABILITY = YES_AGGRESSIVE;
				CLANG_WARN_UNREACHABLE_CODE = YES;
				CLANG_WARN__DUPLICATE_METHOD_MATCH = YES;
				COPY_PHASE_STRIP = NO;
				DEBUG_INFORMATION_FORMAT = "dwarf-with-dsym";
				ENABLE_NS_ASSERTIONS = NO;
				ENABLE_STRICT_OBJC_MSGSEND = YES;
				ENABLE_USER_SCRIPT_SANDBOXING = YES;
				"FRAMEWORK_SEARCH_PATHS[arch=*]" = "$(inherited)";
				GCC_C_LANGUAGE_STANDARD = gnu17;
				GCC_NO_COMMON_BLOCKS = YES;
				GCC_WARN_64_TO_32_BIT_CONVERSION = YES;
				GCC_WARN_ABOUT_RETURN_TYPE = YES_ERROR;
				GCC_WARN_UNDECLARED_SELECTOR = YES;
				GCC_WARN_UNINITIALIZED_AUTOS = YES_AGGRESSIVE;
				GCC_WARN_UNUSED_FUNCTION = YES;
				GCC_WARN_UNUSED_VARIABLE = YES;
				IPHONEOS_DEPLOYMENT_TARGET = 18.2;
				LOCALIZATION_PREFERS_STRING_CATALOGS = YES;
				MTL_ENABLE_DEBUG_INFO = NO;
				MTL_FAST_MATH = YES;
				"OTHER_LDFLAGS[arch=*]" = "-ObjC\n";
				SDKROOT = iphoneos;
				SWIFT_COMPILATION_MODE = wholemodule;
				"SYSTEM_FRAMEWORK_SEARCH_PATHS[arch=*]" = "$(inherited)";
				VALIDATE_PRODUCT = YES;
			};
			name = Release;
		};
		D4AE09A32D4BFC4600A813D5 /* Debug */ = {
			isa = XCBuildConfiguration;
			buildSettings = {
				BUNDLE_LOADER = "$(TEST_HOST)";
				CODE_SIGN_STYLE = Automatic;
				CURRENT_PROJECT_VERSION = 1;
				DEVELOPMENT_TEAM = NVCDK76NVZ;
				GENERATE_INFOPLIST_FILE = YES;
				IPHONEOS_DEPLOYMENT_TARGET = 18.2;
				MARKETING_VERSION = 1.0;
				PRODUCT_BUNDLE_IDENTIFIER = "CPSC490.My-ClosetTests";
				PRODUCT_NAME = "$(TARGET_NAME)";
				SWIFT_EMIT_LOC_STRINGS = NO;
				SWIFT_VERSION = 5.0;
				TARGETED_DEVICE_FAMILY = "1,2";
				TEST_HOST = "$(BUILT_PRODUCTS_DIR)/My Closet.app/$(BUNDLE_EXECUTABLE_FOLDER_PATH)/My Closet";
			};
			name = Debug;
		};
		D4AE09A42D4BFC4600A813D5 /* Release */ = {
			isa = XCBuildConfiguration;
			buildSettings = {
				BUNDLE_LOADER = "$(TEST_HOST)";
				CODE_SIGN_STYLE = Automatic;
				CURRENT_PROJECT_VERSION = 1;
				DEVELOPMENT_TEAM = NVCDK76NVZ;
				GENERATE_INFOPLIST_FILE = YES;
				IPHONEOS_DEPLOYMENT_TARGET = 18.2;
				MARKETING_VERSION = 1.0;
				PRODUCT_BUNDLE_IDENTIFIER = "CPSC490.My-ClosetTests";
				PRODUCT_NAME = "$(TARGET_NAME)";
				SWIFT_EMIT_LOC_STRINGS = NO;
				SWIFT_VERSION = 5.0;
				TARGETED_DEVICE_FAMILY = "1,2";
				TEST_HOST = "$(BUILT_PRODUCTS_DIR)/My Closet.app/$(BUNDLE_EXECUTABLE_FOLDER_PATH)/My Closet";
			};
			name = Release;
		};
		D4AE09A62D4BFC4600A813D5 /* Debug */ = {
			isa = XCBuildConfiguration;
			buildSettings = {
				CODE_SIGN_STYLE = Automatic;
				CURRENT_PROJECT_VERSION = 1;
				DEVELOPMENT_TEAM = NVCDK76NVZ;
				GENERATE_INFOPLIST_FILE = YES;
				MARKETING_VERSION = 1.0;
				PRODUCT_BUNDLE_IDENTIFIER = "CPSC490.My-ClosetUITests";
				PRODUCT_NAME = "$(TARGET_NAME)";
				SWIFT_EMIT_LOC_STRINGS = NO;
				SWIFT_VERSION = 5.0;
				TARGETED_DEVICE_FAMILY = "1,2";
				TEST_TARGET_NAME = "My Closet";
			};
			name = Debug;
		};
		D4AE09A72D4BFC4600A813D5 /* Release */ = {
			isa = XCBuildConfiguration;
			buildSettings = {
				CODE_SIGN_STYLE = Automatic;
				CURRENT_PROJECT_VERSION = 1;
				DEVELOPMENT_TEAM = NVCDK76NVZ;
				GENERATE_INFOPLIST_FILE = YES;
				MARKETING_VERSION = 1.0;
				PRODUCT_BUNDLE_IDENTIFIER = "CPSC490.My-ClosetUITests";
				PRODUCT_NAME = "$(TARGET_NAME)";
				SWIFT_EMIT_LOC_STRINGS = NO;
				SWIFT_VERSION = 5.0;
				TARGETED_DEVICE_FAMILY = "1,2";
				TEST_TARGET_NAME = "My Closet";
			};
			name = Release;
		};
/* End XCBuildConfiguration section */

/* Begin XCConfigurationList section */
		D4AE09712D4BFC4200A813D5 /* Build configuration list for PBXProject "My Closet" */ = {
			isa = XCConfigurationList;
			buildConfigurations = (
				D4AE09A02D4BFC4600A813D5 /* Debug */,
				D4AE09A12D4BFC4600A813D5 /* Release */,
			);
			defaultConfigurationIsVisible = 0;
			defaultConfigurationName = Release;
		};
		D4AE099D2D4BFC4600A813D5 /* Build configuration list for PBXNativeTarget "My Closet" */ = {
			isa = XCConfigurationList;
			buildConfigurations = (
				D4AE099E2D4BFC4600A813D5 /* Debug */,
				D4AE099F2D4BFC4600A813D5 /* Release */,
			);
			defaultConfigurationIsVisible = 0;
			defaultConfigurationName = Release;
		};
		D4AE09A22D4BFC4600A813D5 /* Build configuration list for PBXNativeTarget "My ClosetTests" */ = {
			isa = XCConfigurationList;
			buildConfigurations = (
				D4AE09A32D4BFC4600A813D5 /* Debug */,
				D4AE09A42D4BFC4600A813D5 /* Release */,
			);
			defaultConfigurationIsVisible = 0;
			defaultConfigurationName = Release;
		};
		D4AE09A52D4BFC4600A813D5 /* Build configuration list for PBXNativeTarget "My ClosetUITests" */ = {
			isa = XCConfigurationList;
			buildConfigurations = (
				D4AE09A62D4BFC4600A813D5 /* Debug */,
				D4AE09A72D4BFC4600A813D5 /* Release */,
			);
			defaultConfigurationIsVisible = 0;
			defaultConfigurationName = Release;
		};
/* End XCConfigurationList section */
	};
	rootObject = D4AE096E2D4BFC4200A813D5 /* Project object */;
}
